
Microsoft Visual Studio Solution File, Format Version 12.00
# Visual Studio Version 17
VisualStudioVersion = 17.5.33530.505
MinimumVisualStudioVersion = 10.0.40219.1
Project("{9A19103F-16F7-4668-BE54-9A1E7A4F7556}") = "NJ.OasModel", "NJ.OasModel\NJ.OasModel.csproj", "{39E56BB9-F6AC-46EB-BC6B-9F3D6445CC99}"
EndProject
Project("{9A19103F-16F7-4668-BE54-9A1E7A4F7556}") = "NJ.ApibModel", "NJ.ApibModel\NJ.ApibModel.csproj", "{4EEAB243-D350-4CAC-8D4A-27DC6F1CD324}"
EndProject
Project("{9A19103F-16F7-4668-BE54-9A1E7A4F7556}") = "NJ.ApibToOasMapper", "NJ.ApibToOasMapper\NJ.ApibToOasMapper.csproj", "{4FFCC919-FE36-4B59-85E1-CF09A0948956}"
EndProject
Project("{2150E333-8FDC-42A3-9474-1A3956D46DE8}") = "Solution Items", "Solution Items", "{492FF64D-DEA6-4891-B4AD-BEE4C4D5AACA}"
	ProjectSection(SolutionItems) = preProject
		Directory.Packages.props = Directory.Packages.props
		TODOs.txt = TODOs.txt
	EndProjectSection
EndProject
Project("{9A19103F-16F7-4668-BE54-9A1E7A4F7556}") = "NJ.Common", "NJ.Common\NJ.Common.csproj", "{8B44BB61-1AB6-4D30-B5A3-4977836E378F}"
EndProject
Project("{9A19103F-16F7-4668-BE54-9A1E7A4F7556}") = "NJ.SharedModel", "NJ.SharedModel\NJ.SharedModel.csproj", "{63F879CE-1C3D-4488-B4E6-DECBDE277D10}"
EndProject
Project("{9A19103F-16F7-4668-BE54-9A1E7A4F7556}") = "NJ.ApibToOasMapper.Tests", "NJ.ApibToOasMapper.Tests\NJ.ApibToOasMapper.Tests.csproj", "{7C30C817-1FBF-4430-B2DF-669DA9086CEE}"
EndProject
Global
	GlobalSection(SolutionConfigurationPlatforms) = preSolution
		Debug|Any CPU = Debug|Any CPU
		Release|Any CPU = Release|Any CPU
	EndGlobalSection
	GlobalSection(ProjectConfigurationPlatforms) = postSolution
		{39E56BB9-F6AC-46EB-BC6B-9F3D6445CC99}.Debug|Any CPU.ActiveCfg = Debug|Any CPU
		{39E56BB9-F6AC-46EB-BC6B-9F3D6445CC99}.Debug|Any CPU.Build.0 = Debug|Any CPU
		{39E56BB9-F6AC-46EB-BC6B-9F3D6445CC99}.Release|Any CPU.ActiveCfg = Release|Any CPU
		{39E56BB9-F6AC-46EB-BC6B-9F3D6445CC99}.Release|Any CPU.Build.0 = Release|Any CPU
		{4EEAB243-D350-4CAC-8D4A-27DC6F1CD324}.Debug|Any CPU.ActiveCfg = Debug|Any CPU
		{4EEAB243-D350-4CAC-8D4A-27DC6F1CD324}.Debug|Any CPU.Build.0 = Debug|Any CPU
		{4EEAB243-D350-4CAC-8D4A-27DC6F1CD324}.Release|Any CPU.ActiveCfg = Release|Any CPU
		{4EEAB243-D350-4CAC-8D4A-27DC6F1CD324}.Release|Any CPU.Build.0 = Release|Any CPU
		{4FFCC919-FE36-4B59-85E1-CF09A0948956}.Debug|Any CPU.ActiveCfg = Debug|Any CPU
		{4FFCC919-FE36-4B59-85E1-CF09A0948956}.Debug|Any CPU.Build.0 = Debug|Any CPU
		{4FFCC919-FE36-4B59-85E1-CF09A0948956}.Release|Any CPU.ActiveCfg = Release|Any CPU
		{4FFCC919-FE36-4B59-85E1-CF09A0948956}.Release|Any CPU.Build.0 = Release|Any CPU
		{8B44BB61-1AB6-4D30-B5A3-4977836E378F}.Debug|Any CPU.ActiveCfg = Debug|Any CPU
		{8B44BB61-1AB6-4D30-B5A3-4977836E378F}.Debug|Any CPU.Build.0 = Debug|Any CPU
		{8B44BB61-1AB6-4D30-B5A3-4977836E378F}.Release|Any CPU.ActiveCfg = Release|Any CPU
		{8B44BB61-1AB6-4D30-B5A3-4977836E378F}.Release|Any CPU.Build.0 = Release|Any CPU
		{63F879CE-1C3D-4488-B4E6-DECBDE277D10}.Debug|Any CPU.ActiveCfg = Debug|Any CPU
		{63F879CE-1C3D-4488-B4E6-DECBDE277D10}.Debug|Any CPU.Build.0 = Debug|Any CPU
		{63F879CE-1C3D-4488-B4E6-DECBDE277D10}.Release|Any CPU.ActiveCfg = Release|Any CPU
		{63F879CE-1C3D-4488-B4E6-DECBDE277D10}.Release|Any CPU.Build.0 = Release|Any CPU
		{7C30C817-1FBF-4430-B2DF-669DA9086CEE}.Debug|Any CPU.ActiveCfg = Debug|Any CPU
		{7C30C817-1FBF-4430-B2DF-669DA9086CEE}.Debug|Any CPU.Build.0 = Debug|Any CPU
		{7C30C817-1FBF-4430-B2DF-669DA9086CEE}.Release|Any CPU.ActiveCfg = Release|Any CPU
		{7C30C817-1FBF-4430-B2DF-669DA9086CEE}.Release|Any CPU.Build.0 = Release|Any CPU
	EndGlobalSection
	GlobalSection(SolutionProperties) = preSolution
		HideSolutionNode = FALSE
	EndGlobalSection
	GlobalSection(ExtensibilityGlobals) = postSolution
		SolutionGuid = {C31335B7-3F5F-4A2C-B4C0-D3E70D9EBE61}
	EndGlobalSection
EndGlobal
